
Microsoft Visual Studio Solution File, Format Version 12.00
# Visual Studio Version 17
VisualStudioVersion = 17.2.32616.157
MinimumVisualStudioVersion = 10.0.40219.1
Project("{FAE04EC0-301F-11D3-BF4B-00C04F79EFBC}") = "ChatBotAPI", "ChatBotAPI\ChatBotAPI.csproj", "{63FE88EC-C819-4467-B616-9AB8BBDCBF01}"
EndProject
Global
	GlobalSection(SolutionConfigurationPlatforms) = preSolution
		Debug|Any CPU = Debug|Any CPU
		Release|Any CPU = Release|Any CPU
	EndGlobalSection
	GlobalSection(ProjectConfigurationPlatforms) = postSolution
		{63FE88EC-C819-4467-B616-9AB8BBDCBF01}.Debug|Any CPU.ActiveCfg = Debug|Any CPU
		{63FE88EC-C819-4467-B616-9AB8BBDCBF01}.Debug|Any CPU.Build.0 = Debug|Any CPU
		{63FE88EC-C819-4467-B616-9AB8BBDCBF01}.Release|Any CPU.ActiveCfg = Release|Any CPU
		{63FE88EC-C819-4467-B616-9AB8BBDCBF01}.Release|Any CPU.Build.0 = Release|Any CPU
	EndGlobalSection
	GlobalSection(SolutionProperties) = preSolution
		HideSolutionNode = FALSE
	EndGlobalSection
	GlobalSection(ExtensibilityGlobals) = postSolution
		SolutionGuid = {374A38B3-A749-4656-85DB-70537FB0F852}
	EndGlobalSection
EndGlobal
